
Microsoft Visual Studio Solution File, Format Version 12.00
# Visual Studio 15
VisualStudioVersion = 15.0.28010.2046
MinimumVisualStudioVersion = 10.0.40219.1
Project("{FAE04EC0-301F-11D3-BF4B-00C04F79EFBC}") = "WebClient1", "WebClient1\WebClient1.csproj", "{7ADFB365-85F9-42BA-9101-C781CE84C807}"
EndProject
Project("{FAE04EC0-301F-11D3-BF4B-00C04F79EFBC}") = "SSOBase", "SSOBase\SSOBase.csproj", "{84AF6D19-F45C-4B8C-B3A4-85B65F8285CD}"
EndProject
Project("{FAE04EC0-301F-11D3-BF4B-00C04F79EFBC}") = "WebClient2", "WebClient2\WebClient2.csproj", "{D1C7AE18-4E6B-4A24-84D1-E7E1A9E600CB}"
EndProject
Global
	GlobalSection(SolutionConfigurationPlatforms) = preSolution
		Debug|Any CPU = Debug|Any CPU
		Release|Any CPU = Release|Any CPU
	EndGlobalSection
	GlobalSection(ProjectConfigurationPlatforms) = postSolution
		{7ADFB365-85F9-42BA-9101-C781CE84C807}.Debug|Any CPU.ActiveCfg = Debug|Any CPU
		{7ADFB365-85F9-42BA-9101-C781CE84C807}.Debug|Any CPU.Build.0 = Debug|Any CPU
		{7ADFB365-85F9-42BA-9101-C781CE84C807}.Release|Any CPU.ActiveCfg = Release|Any CPU
		{7ADFB365-85F9-42BA-9101-C781CE84C807}.Release|Any CPU.Build.0 = Release|Any CPU
		{84AF6D19-F45C-4B8C-B3A4-85B65F8285CD}.Debug|Any CPU.ActiveCfg = Debug|Any CPU
		{84AF6D19-F45C-4B8C-B3A4-85B65F8285CD}.Debug|Any CPU.Build.0 = Debug|Any CPU
		{84AF6D19-F45C-4B8C-B3A4-85B65F8285CD}.Release|Any CPU.ActiveCfg = Release|Any CPU
		{84AF6D19-F45C-4B8C-B3A4-85B65F8285CD}.Release|Any CPU.Build.0 = Release|Any CPU
		{D1C7AE18-4E6B-4A24-84D1-E7E1A9E600CB}.Debug|Any CPU.ActiveCfg = Debug|Any CPU
		{D1C7AE18-4E6B-4A24-84D1-E7E1A9E600CB}.Debug|Any CPU.Build.0 = Debug|Any CPU
		{D1C7AE18-4E6B-4A24-84D1-E7E1A9E600CB}.Release|Any CPU.ActiveCfg = Release|Any CPU
		{D1C7AE18-4E6B-4A24-84D1-E7E1A9E600CB}.Release|Any CPU.Build.0 = Release|Any CPU
	EndGlobalSection
	GlobalSection(SolutionProperties) = preSolution
		HideSolutionNode = FALSE
	EndGlobalSection
	GlobalSection(ExtensibilityGlobals) = postSolution
		SolutionGuid = {6FD0381E-489A-4949-B1FA-DD705E0B95C0}
	EndGlobalSection
EndGlobal
